// !$*UTF8*$!
{
	archiveVersion = 1;
	classes = {
	};
	objectVersion = 55;
	objects = {

/* Begin PBXBuildFile section */
		17E5948527A8402A001DF847 /* WhatsNextApp.swift in Sources */ = {isa = PBXBuildFile; fileRef = 17E5948427A8402A001DF847 /* WhatsNextApp.swift */; };
		17E5948727A8402A001DF847 /* ContentView.swift in Sources */ = {isa = PBXBuildFile; fileRef = 17E5948627A8402A001DF847 /* ContentView.swift */; };
		17E5948927A8402A001DF847 /* Assets.xcassets in Resources */ = {isa = PBXBuildFile; fileRef = 17E5948827A8402A001DF847 /* Assets.xcassets */; };
		17E5948C27A8402A001DF847 /* Preview Assets.xcassets in Resources */ = {isa = PBXBuildFile; fileRef = 17E5948B27A8402A001DF847 /* Preview Assets.xcassets */; };
		17E5949427A84044001DF847 /* AppDelegate.swift in Sources */ = {isa = PBXBuildFile; fileRef = 17E5949327A84044001DF847 /* AppDelegate.swift */; };
		17E5949927A84215001DF847 /* Date-Helper.swift in Sources */ = {isa = PBXBuildFile; fileRef = 17E5949627A84214001DF847 /* Date-Helper.swift */; };
		17E5949A27A84215001DF847 /* EventSection.swift in Sources */ = {isa = PBXBuildFile; fileRef = 17E5949727A84214001DF847 /* EventSection.swift */; };
		17E5949B27A84215001DF847 /* EventRow.swift in Sources */ = {isa = PBXBuildFile; fileRef = 17E5949827A84215001DF847 /* EventRow.swift */; };
/* End PBXBuildFile section */

/* Begin PBXFileReference section */
		17E5948127A8402A001DF847 /* WhatsNext.app */ = {isa = PBXFileReference; explicitFileType = wrapper.application; includeInIndex = 0; path = WhatsNext.app; sourceTree = BUILT_PRODUCTS_DIR; };
		17E5948427A8402A001DF847 /* WhatsNextApp.swift */ = {isa = PBXFileReference; lastKnownFileType = sourcecode.swift; path = WhatsNextApp.swift; sourceTree = "<group>"; };
		17E5948627A8402A001DF847 /* ContentView.swift */ = {isa = PBXFileReference; lastKnownFileType = sourcecode.swift; path = ContentView.swift; sourceTree = "<group>"; };
		17E5948827A8402A001DF847 /* Assets.xcassets */ = {isa = PBXFileReference; lastKnownFileType = folder.assetcatalog; path = Assets.xcassets; sourceTree = "<group>"; };
		17E5948B27A8402A001DF847 /* Preview Assets.xcassets */ = {isa = PBXFileReference; lastKnownFileType = folder.assetcatalog; path = "Preview Assets.xcassets"; sourceTree = "<group>"; };
		17E5948D27A8402A001DF847 /* WhatsNext.entitlements */ = {isa = PBXFileReference; lastKnownFileType = text.plist.entitlements; path = WhatsNext.entitlements; sourceTree = "<group>"; };
		17E5949327A84044001DF847 /* AppDelegate.swift */ = {isa = PBXFileReference; fileEncoding = 4; lastKnownFileType = sourcecode.swift; path = AppDelegate.swift; sourceTree = "<group>"; };
		17E5949527A8416D001DF847 /* Info.plist */ = {isa = PBXFileReference; lastKnownFileType = text.plist; path = Info.plist; sourceTree = "<group>"; };
		17E5949627A84214001DF847 /* Date-Helper.swift */ = {isa = PBXFileReference; fileEncoding = 4; lastKnownFileType = sourcecode.swift; path = "Date-Helper.swift"; sourceTree = "<group>"; };
		17E5949727A84214001DF847 /* EventSection.swift */ = {isa = PBXFileReference; fileEncoding = 4; lastKnownFileType = sourcecode.swift; path = EventSection.swift; sourceTree = "<group>"; };
		17E5949827A84215001DF847 /* EventRow.swift */ = {isa = PBXFileReference; fileEncoding = 4; lastKnownFileType = sourcecode.swift; path = EventRow.swift; sourceTree = "<group>"; };
/* End PBXFileReference section */

/* Begin PBXFrameworksBuildPhase section */
		17E5947E27A8402A001DF847 /* Frameworks */ = {
			isa = PBXFrameworksBuildPhase;
			buildActionMask = 2147483647;
			files = (
			);
			runOnlyForDeploymentPostprocessing = 0;
		};
/* End PBXFrameworksBuildPhase section */

/* Begin PBXGroup section */
		17E5947827A8402A001DF847 = {
			isa = PBXGroup;
			children = (
				17E5948327A8402A001DF847 /* WhatsNext */,
				17E5948227A8402A001DF847 /* Products */,
			);
			sourceTree = "<group>";
		};
		17E5948227A8402A001DF847 /* Products */ = {
			isa = PBXGroup;
			children = (
				17E5948127A8402A001DF847 /* WhatsNext.app */,
			);
			name = Products;
			sourceTree = "<group>";
		};
		17E5948327A8402A001DF847 /* WhatsNext */ = {
			isa = PBXGroup;
			children = (
				17E5948427A8402A001DF847 /* WhatsNextApp.swift */,
				17E5949327A84044001DF847 /* AppDelegate.swift */,
				17E5948627A8402A001DF847 /* ContentView.swift */,
				17E5949627A84214001DF847 /* Date-Helper.swift */,
				17E5949827A84215001DF847 /* EventRow.swift */,
				17E5949727A84214001DF847 /* EventSection.swift */,
				17E5948827A8402A001DF847 /* Assets.xcassets */,
				17E5949527A8416D001DF847 /* Info.plist */,
				17E5948D27A8402A001DF847 /* WhatsNext.entitlements */,
				17E5948A27A8402A001DF847 /* Preview Content */,
			);
			path = WhatsNext;
			sourceTree = "<group>";
		};
		17E5948A27A8402A001DF847 /* Preview Content */ = {
			isa = PBXGroup;
			children = (
				17E5948B27A8402A001DF847 /* Preview Assets.xcassets */,
			);
			path = "Preview Content";
			sourceTree = "<group>";
		};
/* End PBXGroup section */

/* Begin PBXNativeTarget section */
		17E5948027A8402A001DF847 /* WhatsNext */ = {
			isa = PBXNativeTarget;
			buildConfigurationList = 17E5949027A8402A001DF847 /* Build configuration list for PBXNativeTarget "WhatsNext" */;
			buildPhases = (
				17E5947D27A8402A001DF847 /* Sources */,
				17E5947E27A8402A001DF847 /* Frameworks */,
				17E5947F27A8402A001DF847 /* Resources */,
			);
			buildRules = (
			);
			dependencies = (
			);
			name = WhatsNext;
			productName = WhatsNext;
			productReference = 17E5948127A8402A001DF847 /* WhatsNext.app */;
			productType = "com.apple.product-type.application";
		};
/* End PBXNativeTarget section */

/* Begin PBXProject section */
		17E5947927A8402A001DF847 /* Project object */ = {
			isa = PBXProject;
			attributes = {
				BuildIndependentTargetsInParallel = 1;
				LastSwiftUpdateCheck = 1320;
				LastUpgradeCheck = 1320;
				TargetAttributes = {
					17E5948027A8402A001DF847 = {
						CreatedOnToolsVersion = 13.2;
					};
				};
			};
			buildConfigurationList = 17E5947C27A8402A001DF847 /* Build configuration list for PBXProject "WhatsNext" */;
			compatibilityVersion = "Xcode 13.0";
			developmentRegion = en;
			hasScannedForEncodings = 0;
			knownRegions = (
				en,
				Base,
			);
			mainGroup = 17E5947827A8402A001DF847;
			productRefGroup = 17E5948227A8402A001DF847 /* Products */;
			projectDirPath = "";
			projectRoot = "";
			targets = (
				17E5948027A8402A001DF847 /* WhatsNext */,
			);
		};
/* End PBXProject section */

/* Begin PBXResourcesBuildPhase section */
		17E5947F27A8402A001DF847 /* Resources */ = {
			isa = PBXResourcesBuildPhase;
			buildActionMask = 2147483647;
			files = (
				17E5948C27A8402A001DF847 /* Preview Assets.xcassets in Resources */,
				17E5948927A8402A001DF847 /* Assets.xcassets in Resources */,
			);
			runOnlyForDeploymentPostprocessing = 0;
		};
/* End PBXResourcesBuildPhase section */

/* Begin PBXSourcesBuildPhase section */
		17E5947D27A8402A001DF847 /* Sources */ = {
			isa = PBXSourcesBuildPhase;
			buildActionMask = 2147483647;
			files = (
				17E5949427A84044001DF847 /* AppDelegate.swift in Sources */,
				17E5949B27A84215001DF847 /* EventRow.swift in Sources */,
				17E5948727A8402A001DF847 /* ContentView.swift in Sources */,
				17E5949A27A84215001DF847 /* EventSection.swift in Sources */,
				17E5948527A8402A001DF847 /* WhatsNextApp.swift in Sources */,
				17E5949927A84215001DF847 /* Date-Helper.swift in Sources */,
			);
			runOnlyForDeploymentPostprocessing = 0;
		};
/* End PBXSourcesBuildPhase section */

/* Begin XCBuildConfiguration section */
		17E5948E27A8402A001DF847 /* Debug */ = {
			isa = XCBuildConfiguration;
			buildSettings = {
				ALWAYS_SEARCH_USER_PATHS = NO;
				CLANG_ANALYZER_NONNULL = YES;
				CLANG_ANALYZER_NUMBER_OBJECT_CONVERSION = YES_AGGRESSIVE;
				CLANG_CXX_LANGUAGE_STANDARD = "gnu++17";
				CLANG_CXX_LIBRARY = "libc++";
				CLANG_ENABLE_MODULES = YES;
				CLANG_ENABLE_OBJC_ARC = YES;
				CLANG_ENABLE_OBJC_WEAK = YES;
				CLANG_WARN_BLOCK_CAPTURE_AUTORELEASING = YES;
				CLANG_WARN_BOOL_CONVERSION = YES;
				CLANG_WARN_COMMA = YES;
				CLANG_WARN_CONSTANT_CONVERSION = YES;
				CLANG_WARN_DEPRECATED_OBJC_IMPLEMENTATIONS = YES;
				CLANG_WARN_DIRECT_OBJC_ISA_USAGE = YES_ERROR;
				CLANG_WARN_DOCUMENTATION_COMMENTS = YES;
				CLANG_WARN_EMPTY_BODY = YES;
				CLANG_WARN_ENUM_CONVERSION = YES;
				CLANG_WARN_INFINITE_RECURSION = YES;
				CLANG_WARN_INT_CONVERSION = YES;
				CLANG_WARN_NON_LITERAL_NULL_CONVERSION = YES;
				CLANG_WARN_OBJC_IMPLICIT_RETAIN_SELF = YES;
				CLANG_WARN_OBJC_LITERAL_CONVERSION = YES;
				CLANG_WARN_OBJC_ROOT_CLASS = YES_ERROR;
				CLANG_WARN_QUOTED_INCLUDE_IN_FRAMEWORK_HEADER = YES;
				CLANG_WARN_RANGE_LOOP_ANALYSIS = YES;
				CLANG_WARN_STRICT_PROTOTYPES = YES;
				CLANG_WARN_SUSPICIOUS_MOVE = YES;
				CLANG_WARN_UNGUARDED_AVAILABILITY = YES_AGGRESSIVE;
				CLANG_WARN_UNREACHABLE_CODE = YES;
				CLANG_WARN__DUPLICATE_METHOD_MATCH = YES;
				COPY_PHASE_STRIP = NO;
				DEBUG_INFORMATION_FORMAT = dwarf;
				ENABLE_STRICT_OBJC_MSGSEND = YES;
				ENABLE_TESTABILITY = YES;
				GCC_C_LANGUAGE_STANDARD = gnu11;
				GCC_DYNAMIC_NO_PIC = NO;
				GCC_NO_COMMON_BLOCKS = YES;
				GCC_OPTIMIZATION_LEVEL = 0;
				GCC_PREPROCESSOR_DEFINITIONS = (
					"DEBUG=1",
					"$(inherited)",
				);
				GCC_WARN_64_TO_32_BIT_CONVERSION = YES;
				GCC_WARN_ABOUT_RETURN_TYPE = YES_ERROR;
				GCC_WARN_UNDECLARED_SELECTOR = YES;
				GCC_WARN_UNINITIALIZED_AUTOS = YES_AGGRESSIVE;
				GCC_WARN_UNUSED_FUNCTION = YES;
				GCC_WARN_UNUSED_VARIABLE = YES;
				MACOSX_DEPLOYMENT_TARGET = 12.1;
				MTL_ENABLE_DEBUG_INFO = INCLUDE_SOURCE;
				MTL_FAST_MATH = YES;
				ONLY_ACTIVE_ARCH = YES;
				SDKROOT = macosx;
				SWIFT_ACTIVE_COMPILATION_CONDITIONS = DEBUG;
				SWIFT_OPTIMIZATION_LEVEL = "-Onone";
			};
			name = Debug;
		};
		17E5948F27A8402A001DF847 /* Release */ = {
			isa = XCBuildConfiguration;
			buildSettings = {
				ALWAYS_SEARCH_USER_PATHS = NO;
				CLANG_ANALYZER_NONNULL = YES;
				CLANG_ANALYZER_NUMBER_OBJECT_CONVERSION = YES_AGGRESSIVE;
				CLANG_CXX_LANGUAGE_STANDARD = "gnu++17";
				CLANG_CXX_LIBRARY = "libc++";
				CLANG_ENABLE_MODULES = YES;
				CLANG_ENABLE_OBJC_ARC = YES;
				CLANG_ENABLE_OBJC_WEAK = YES;
				CLANG_WARN_BLOCK_CAPTURE_AUTORELEASING = YES;
				CLANG_WARN_BOOL_CONVERSION = YES;
				CLANG_WARN_COMMA = YES;
				CLANG_WARN_CONSTANT_CONVERSION = YES;
				CLANG_WARN_DEPRECATED_OBJC_IMPLEMENTATIONS = YES;
				CLANG_WARN_DIRECT_OBJC_ISA_USAGE = YES_ERROR;
				CLANG_WARN_DOCUMENTATION_COMMENTS = YES;
				CLANG_WARN_EMPTY_BODY = YES;
				CLANG_WARN_ENUM_CONVERSION = YES;
				CLANG_WARN_INFINITE_RECURSION = YES;
				CLANG_WARN_INT_CONVERSION = YES;
				CLANG_WARN_NON_LITERAL_NULL_CONVERSION = YES;
				CLANG_WARN_OBJC_IMPLICIT_RETAIN_SELF = YES;
				CLANG_WARN_OBJC_LITERAL_CONVERSION = YES;
				CLANG_WARN_OBJC_ROOT_CLASS = YES_ERROR;
				CLANG_WARN_QUOTED_INCLUDE_IN_FRAMEWORK_HEADER = YES;
				CLANG_WARN_RANGE_LOOP_ANALYSIS = YES;
				CLANG_WARN_STRICT_PROTOTYPES = YES;
				CLANG_WARN_SUSPICIOUS_MOVE = YES;
				CLANG_WARN_UNGUARDED_AVAILABILITY = YES_AGGRESSIVE;
				CLANG_WARN_UNREACHABLE_CODE = YES;
				CLANG_WARN__DUPLICATE_METHOD_MATCH = YES;
				COPY_PHASE_STRIP = NO;
				DEBUG_INFORMATION_FORMAT = "dwarf-with-dsym";
				ENABLE_NS_ASSERTIONS = NO;
				ENABLE_STRICT_OBJC_MSGSEND = YES;
				GCC_C_LANGUAGE_STANDARD = gnu11;
				GCC_NO_COMMON_BLOCKS = YES;
				GCC_WARN_64_TO_32_BIT_CONVERSION = YES;
				GCC_WARN_ABOUT_RETURN_TYPE = YES_ERROR;
				GCC_WARN_UNDECLARED_SELECTOR = YES;
				GCC_WARN_UNINITIALIZED_AUTOS = YES_AGGRESSIVE;
				GCC_WARN_UNUSED_FUNCTION = YES;
				GCC_WARN_UNUSED_VARIABLE = YES;
				MACOSX_DEPLOYMENT_TARGET = 12.1;
				MTL_ENABLE_DEBUG_INFO = NO;
				MTL_FAST_MATH = YES;
				SDKROOT = macosx;
				SWIFT_COMPILATION_MODE = wholemodule;
				SWIFT_OPTIMIZATION_LEVEL = "-O";
			};
			name = Release;
		};
		17E5949127A8402A001DF847 /* Debug */ = {
			isa = XCBuildConfiguration;
			buildSettings = {
				ASSETCATALOG_COMPILER_APPICON_NAME = AppIcon;
				ASSETCATALOG_COMPILER_GLOBAL_ACCENT_COLOR_NAME = AccentColor;
				CODE_SIGN_ENTITLEMENTS = WhatsNext/WhatsNext.entitlements;
				CODE_SIGN_STYLE = Automatic;
				COMBINE_HIDPI_IMAGES = YES;
				CURRENT_PROJECT_VERSION = 1;
				DEVELOPMENT_ASSET_PATHS = "\"WhatsNext/Preview Content\"";
				DEVELOPMENT_TEAM = P8CC95REUG;
				ENABLE_HARDENED_RUNTIME = YES;
				ENABLE_PREVIEWS = YES;
				GENERATE_INFOPLIST_FILE = YES;
				INFOPLIST_FILE = WhatsNext/Info.plist;
				INFOPLIST_KEY_NSCalendarsUsageDescription = "We want to read your calendar to show upoming events.";
				INFOPLIST_KEY_NSHumanReadableCopyright = "";
				LD_RUNPATH_SEARCH_PATHS = (
					"$(inherited)",
					"@executable_path/../Frameworks",
				);
				MARKETING_VERSION = 1.0;
				PRODUCT_BUNDLE_IDENTIFIER = com.yourcompany.WhatsNext;
				PRODUCT_NAME = "$(TARGET_NAME)";
				SWIFT_EMIT_LOC_STRINGS = YES;
				SWIFT_VERSION = 5.0;
			};
			name = Debug;
		};
		17E5949227A8402A001DF847 /* Release */ = {
			isa = XCBuildConfiguration;
			buildSettings = {
				ASSETCATALOG_COMPILER_APPICON_NAME = AppIcon;
				ASSETCATALOG_COMPILER_GLOBAL_ACCENT_COLOR_NAME = AccentColor;
				CODE_SIGN_ENTITLEMENTS = WhatsNext/WhatsNext.entitlements;
				CODE_SIGN_STYLE = Automatic;
				COMBINE_HIDPI_IMAGES = YES;
				CURRENT_PROJECT_VERSION = 1;
				DEVELOPMENT_ASSET_PATHS = "\"WhatsNext/Preview Content\"";
				DEVELOPMENT_TEAM = P8CC95REUG;
				ENABLE_HARDENED_RUNTIME = YES;
				ENABLE_PREVIEWS = YES;
				GENERATE_INFOPLIST_FILE = YES;
				INFOPLIST_FILE = WhatsNext/Info.plist;
				INFOPLIST_KEY_NSCalendarsUsageDescription = "We want to read your calendar to show upoming events.";
				INFOPLIST_KEY_NSHumanReadableCopyright = "";
				LD_RUNPATH_SEARCH_PATHS = (
					"$(inherited)",
					"@executable_path/../Frameworks",
				);
				MARKETING_VERSION = 1.0;
				PRODUCT_BUNDLE_IDENTIFIER = com.yourcompany.WhatsNext;
				PRODUCT_NAME = "$(TARGET_NAME)";
				SWIFT_EMIT_LOC_STRINGS = YES;
				SWIFT_VERSION = 5.0;
			};
			name = Release;
		};
/* End XCBuildConfiguration section */

/* Begin XCConfigurationList section */
		17E5947C27A8402A001DF847 /* Build configuration list for PBXProject "WhatsNext" */ = {
			isa = XCConfigurationList;
			buildConfigurations = (
				17E5948E27A8402A001DF847 /* Debug */,
				17E5948F27A8402A001DF847 /* Release */,
			);
			defaultConfigurationIsVisible = 0;
			defaultConfigurationName = Release;
		};
		17E5949027A8402A001DF847 /* Build configuration list for PBXNativeTarget "WhatsNext" */ = {
			isa = XCConfigurationList;
			buildConfigurations = (
				17E5949127A8402A001DF847 /* Debug */,
				17E5949227A8402A001DF847 /* Release */,
			);
			defaultConfigurationIsVisible = 0;
			defaultConfigurationName = Release;
		};
/* End XCConfigurationList section */
	};
	rootObject = 17E5947927A8402A001DF847 /* Project object */;
}
